
Microsoft Visual Studio Solution File, Format Version 12.00
# Visual Studio 15
VisualStudioVersion = 15.0.28307.168
MinimumVisualStudioVersion = 10.0.40219.1
Project("{FAE04EC0-301F-11D3-BF4B-00C04F79EFBC}") = "MagniSnap", "MagniSnap\MagniSnap.csproj", "{B478A375-640C-4194-84B4-01437585F941}"
EndProject
Global
	GlobalSection(SolutionConfigurationPlatforms) = preSolution
		Debug|Any CPU = Debug|Any CPU
		Release|Any CPU = Release|Any CPU
	EndGlobalSection
	GlobalSection(ProjectConfigurationPlatforms) = postSolution
		{B478A375-640C-4194-84B4-01437585F941}.Debug|Any CPU.ActiveCfg = Debug|Any CPU
		{B478A375-640C-4194-84B4-01437585F941}.Debug|Any CPU.Build.0 = Debug|Any CPU
		{B478A375-640C-4194-84B4-01437585F941}.Release|Any CPU.ActiveCfg = Release|Any CPU
		{B478A375-640C-4194-84B4-01437585F941}.Release|Any CPU.Build.0 = Release|Any CPU
	EndGlobalSection
	GlobalSection(SolutionProperties) = preSolution
		HideSolutionNode = FALSE
	EndGlobalSection
	GlobalSection(ExtensibilityGlobals) = postSolution
		SolutionGuid = {19F68CF0-71A4-4C5C-933A-5CBA45989ACC}
	EndGlobalSection
EndGlobal
